
Microsoft Visual Studio Solution File, Format Version 12.00
# Visual Studio 15
VisualStudioVersion = 15.0.33423.255
MinimumVisualStudioVersion = 10.0.40219.1
Project("{FAE04EC0-301F-11D3-BF4B-00C04F79EFBC}") = "TrafficLightAlgorithm2", "TrafficLightAlgorithm2\TrafficLightAlgorithm2.csproj", "{FCD69DCC-AC69-4A98-BB05-6F11887E24A8}"
EndProject
Global
	GlobalSection(SolutionConfigurationPlatforms) = preSolution
		Debug|Any CPU = Debug|Any CPU
		Release|Any CPU = Release|Any CPU
	EndGlobalSection
	GlobalSection(ProjectConfigurationPlatforms) = postSolution
		{FCD69DCC-AC69-4A98-BB05-6F11887E24A8}.Debug|Any CPU.ActiveCfg = Debug|Any CPU
		{FCD69DCC-AC69-4A98-BB05-6F11887E24A8}.Debug|Any CPU.Build.0 = Debug|Any CPU
		{FCD69DCC-AC69-4A98-BB05-6F11887E24A8}.Release|Any CPU.ActiveCfg = Release|Any CPU
		{FCD69DCC-AC69-4A98-BB05-6F11887E24A8}.Release|Any CPU.Build.0 = Release|Any CPU
	EndGlobalSection
	GlobalSection(SolutionProperties) = preSolution
		HideSolutionNode = FALSE
	EndGlobalSection
	GlobalSection(ExtensibilityGlobals) = postSolution
		SolutionGuid = {2E1F374C-CC71-43B7-A8C7-35E93FC2B657}
	EndGlobalSection
EndGlobal
